
Microsoft Visual Studio Solution File, Format Version 12.00
# Visual Studio 15
VisualStudioVersion = 15.0.28307.168
MinimumVisualStudioVersion = 10.0.40219.1
Project("{FAE04EC0-301F-11D3-BF4B-00C04F79EFBC}") = "SalesWebForm", "SalesWebForm\SalesWebForm.csproj", "{E29ACEDA-FEE0-4BD5-8603-8E024E404493}"
EndProject
Global
	GlobalSection(SolutionConfigurationPlatforms) = preSolution
		Debug|Any CPU = Debug|Any CPU
		Release|Any CPU = Release|Any CPU
	EndGlobalSection
	GlobalSection(ProjectConfigurationPlatforms) = postSolution
		{E29ACEDA-FEE0-4BD5-8603-8E024E404493}.Debug|Any CPU.ActiveCfg = Debug|Any CPU
		{E29ACEDA-FEE0-4BD5-8603-8E024E404493}.Debug|Any CPU.Build.0 = Debug|Any CPU
		{E29ACEDA-FEE0-4BD5-8603-8E024E404493}.Release|Any CPU.ActiveCfg = Release|Any CPU
		{E29ACEDA-FEE0-4BD5-8603-8E024E404493}.Release|Any CPU.Build.0 = Release|Any CPU
	EndGlobalSection
	GlobalSection(SolutionProperties) = preSolution
		HideSolutionNode = FALSE
	EndGlobalSection
	GlobalSection(ExtensibilityGlobals) = postSolution
		SolutionGuid = {9A11CD86-A2AE-48EB-B4F5-CA0A7B760F2F}
	EndGlobalSection
EndGlobal
